version = 1
requires-python = ">=3.10"

[[package]]
name = "advanced-aicode"
version = "1.2.10"
source = { editable = "." }
dependencies = [
    { name = "appdirs" },
    { name = "keyring" },
    { name = "setuptools" },
    { name = "uv" },
]

[package.metadata]
requires-dist = [
    { name = "appdirs" },
    { name = "keyring" },
    { name = "setuptools" },
    { name = "uv" },
]

[[package]]
name = "appdirs"
version = "1.4.4"
source = { registry = "https://pypi.org/simple" }
sdist = { url = "https://files.pythonhosted.org/packages/d7/d8/05696357e0311f5b5c316d7b95f46c669dd9c15aaeecbb48c7d0aeb88c40/appdirs-1.4.4.tar.gz", hash = "sha256:7d5d0167b2b1ba821647616af46a749d1c653740dd0d2415100fe26e27afdf41", size = 13470 }
wheels = [
    { url = "https://files.pythonhosted.org/packages/3b/00/2344469e2084fb287c2e0b57b72910309874c3245463acd6cf5e3db69324/appdirs-1.4.4-py2.py3-none-any.whl", hash = "sha256:a841dacd6b99318a741b166adb07e19ee71a274450e68237b4650ca1055ab128", size = 9566 },
]

[[package]]
name = "backports-tarfile"
version = "1.2.0"
source = { registry = "https://pypi.org/simple" }
sdist = { url = "https://files.pythonhosted.org/packages/86/72/cd9b395f25e290e633655a100af28cb253e4393396264a98bd5f5951d50f/backports_tarfile-1.2.0.tar.gz", hash = "sha256:d75e02c268746e1b8144c278978b6e98e85de6ad16f8e4b0844a154557eca991", size = 86406 }
wheels = [
    { url = "https://files.pythonhosted.org/packages/b9/fa/123043af240e49752f1c4bd24da5053b6bd00cad78c2be53c0d1e8b975bc/backports.tarfile-1.2.0-py3-none-any.whl", hash = "sha256:77e284d754527b01fb1e6fa8a1afe577858ebe4e9dad8919e34c862cb399bc34", size = 30181 },
]

[[package]]
name = "cffi"
version = "1.17.0"
source = { registry = "https://pypi.org/simple" }
dependencies = [
    { name = "pycparser" },
]
sdist = { url = "https://files.pythonhosted.org/packages/1e/bf/82c351342972702867359cfeba5693927efe0a8dd568165490144f554b18/cffi-1.17.0.tar.gz", hash = "sha256:f3157624b7558b914cb039fd1af735e5e8049a87c817cc215109ad1c8779df76", size = 516073 }
wheels = [
    { url = "https://files.pythonhosted.org/packages/00/2a/9071bf1e20bf9f695643b6c3e0f838f340b95ee29de0d1bb7968772409be/cffi-1.17.0-cp310-cp310-macosx_10_9_x86_64.whl", hash = "sha256:f9338cc05451f1942d0d8203ec2c346c830f8e86469903d5126c1f0a13a2bcbb", size = 181841 },
    { url = "https://files.pythonhosted.org/packages/4b/42/60116f10466d692b64aef32ac40fd79b11344ab6ef889ff8e3d047f2fcb2/cffi-1.17.0-cp310-cp310-macosx_11_0_arm64.whl", hash = "sha256:a0ce71725cacc9ebf839630772b07eeec220cbb5f03be1399e0457a1464f8e1a", size = 178242 },
    { url = "https://files.pythonhosted.org/packages/26/8e/a53f844454595c6e9215e56cda123db3427f8592f2c7b5ef1be782f620d6/cffi-1.17.0-cp310-cp310-manylinux_2_12_i686.manylinux2010_i686.manylinux_2_17_i686.manylinux2014_i686.whl", hash = "sha256:c815270206f983309915a6844fe994b2fa47e5d05c4c4cef267c3b30e34dbe42", size = 425676 },
    { url = "https://files.pythonhosted.org/packages/60/ac/6402563fb40b64c7ccbea87836d9c9498b374629af3449f3d8ff34df187d/cffi-1.17.0-cp310-cp310-manylinux_2_17_aarch64.manylinux2014_aarch64.whl", hash = "sha256:d6bdcd415ba87846fd317bee0774e412e8792832e7805938987e4ede1d13046d", size = 447842 },
    { url = "https://files.pythonhosted.org/packages/b2/e7/e2ffdb8de59f48f17b196813e9c717fbed2364e39b10bdb3836504e89486/cffi-1.17.0-cp310-cp310-manylinux_2_17_ppc64le.manylinux2014_ppc64le.whl", hash = "sha256:8a98748ed1a1df4ee1d6f927e151ed6c1a09d5ec21684de879c7ea6aa96f58f2", size = 455224 },
    { url = "https://files.pythonhosted.org/packages/59/55/3e8968e92fe35c1c368959a070a1276c10cae29cdad0fd0daa36c69e237e/cffi-1.17.0-cp310-cp310-manylinux_2_17_s390x.manylinux2014_s390x.whl", hash = "sha256:0a048d4f6630113e54bb4b77e315e1ba32a5a31512c31a273807d0027a7e69ab", size = 436341 },
    { url = "https://files.pythonhosted.org/packages/7f/df/700aaf009dfbfa04acb1ed487586c03c788c6a312f0361ad5f298c5f5a7d/cffi-1.17.0-cp310-cp310-manylinux_2_17_x86_64.manylinux2014_x86_64.whl", hash = "sha256:24aa705a5f5bd3a8bcfa4d123f03413de5d86e497435693b638cbffb7d5d8a1b", size = 445861 },
    { url = "https://files.pythonhosted.org/packages/5a/70/637f070aae533ea11ab77708a820f3935c0edb4fbcef9393b788e6f426a5/cffi-1.17.0-cp310-cp310-musllinux_1_1_aarch64.whl", hash = "sha256:856bf0924d24e7f93b8aee12a3a1095c34085600aa805693fb7f5d1962393206", size = 460982 },
    { url = "https://files.pythonhosted.org/packages/f7/1a/7d4740fa1ccc4fcc888963fc3165d69ef1a2c8d42c8911c946703ff5d4a5/cffi-1.17.0-cp310-cp310-musllinux_1_1_i686.whl", hash = "sha256:4304d4416ff032ed50ad6bb87416d802e67139e31c0bde4628f36a47a3164bfa", size = 438434 },
    { url = "https://files.pythonhosted.org/packages/d0/d9/c48cc38aaf6f53a8b5d2dbf6fe788410fcbab33b15a69c56c01d2b08f6a2/cffi-1.17.0-cp310-cp310-musllinux_1_1_x86_64.whl", hash = "sha256:331ad15c39c9fe9186ceaf87203a9ecf5ae0ba2538c9e898e3a6967e8ad3db6f", size = 461219 },
    { url = "https://files.pythonhosted.org/packages/26/ec/b6a7f660a7f27bd2bb53fe99a2ccafa279088395ec8639b25b8950985b2d/cffi-1.17.0-cp310-cp310-win32.whl", hash = "sha256:669b29a9eca6146465cc574659058ed949748f0809a2582d1f1a324eb91054dc", size = 171406 },
    { url = "https://files.pythonhosted.org/packages/08/42/8c00824787e6f5ec55194f5cd30c4ba4b9d9d5bb0d4d0007b1bb948d4ad4/cffi-1.17.0-cp310-cp310-win_amd64.whl", hash = "sha256:48b389b1fd5144603d61d752afd7167dfd205973a43151ae5045b35793232aa2", size = 180809 },
    { url = "https://files.pythonhosted.org/packages/53/cc/9298fb6235522e00e47d78d6aa7f395332ef4e5f6fe124f9a03aa60600f7/cffi-1.17.0-cp311-cp311-macosx_10_9_x86_64.whl", hash = "sha256:c5d97162c196ce54af6700949ddf9409e9833ef1003b4741c2b39ef46f1d9720", size = 181912 },
    { url = "https://files.pythonhosted.org/packages/e7/79/dc5334fbe60635d0846c56597a8d2af078a543ff22bc48d36551a0de62c2/cffi-1.17.0-cp311-cp311-macosx_11_0_arm64.whl", hash = "sha256:5ba5c243f4004c750836f81606a9fcb7841f8874ad8f3bf204ff5e56332b72b9", size = 178297 },
    { url = "https://files.pythonhosted.org/packages/39/d7/ef1b6b16b51ccbabaced90ff0d821c6c23567fc4b2e4a445aea25d3ceb92/cffi-1.17.0-cp311-cp311-manylinux_2_12_i686.manylinux2010_i686.manylinux_2_17_i686.manylinux2014_i686.whl", hash = "sha256:bb9333f58fc3a2296fb1d54576138d4cf5d496a2cc118422bd77835e6ae0b9cb", size = 444909 },
    { url = "https://files.pythonhosted.org/packages/29/b8/6e3c61885537d985c78ef7dd779b68109ba256263d74a2f615c40f44548d/cffi-1.17.0-cp311-cp311-manylinux_2_17_aarch64.manylinux2014_aarch64.whl", hash = "sha256:435a22d00ec7d7ea533db494da8581b05977f9c37338c80bc86314bec2619424", size = 468854 },
    { url = "https://files.pythonhosted.org/packages/0b/49/adad1228e19b931e523c2731e6984717d5f9e33a2f9971794ab42815b29b/cffi-1.17.0-cp311-cp311-manylinux_2_17_ppc64le.manylinux2014_ppc64le.whl", hash = "sha256:d1df34588123fcc88c872f5acb6f74ae59e9d182a2707097f9e28275ec26a12d", size = 476890 },
    { url = "https://files.pythonhosted.org/packages/76/54/c00f075c3e7fd14d9011713bcdb5b4f105ad044c5ad948db7b1a0a7e4e78/cffi-1.17.0-cp311-cp311-manylinux_2_17_s390x.manylinux2014_s390x.whl", hash = "sha256:df8bb0010fdd0a743b7542589223a2816bdde4d94bb5ad67884348fa2c1c67e8", size = 459374 },
    { url = "https://files.pythonhosted.org/packages/f3/b9/f163bb3fa4fbc636ee1f2a6a4598c096cdef279823ddfaa5734e556dd206/cffi-1.17.0-cp311-cp311-manylinux_2_17_x86_64.manylinux2014_x86_64.whl", hash = "sha256:a8b5b9712783415695663bd463990e2f00c6750562e6ad1d28e072a611c5f2a6", size = 466891 },
    { url = "https://files.pythonhosted.org/packages/31/52/72bbc95f6d06ff2e88a6fa13786be4043e542cb24748e1351aba864cb0a7/cffi-1.17.0-cp311-cp311-musllinux_1_1_aarch64.whl", hash = "sha256:ffef8fd58a36fb5f1196919638f73dd3ae0db1a878982b27a9a5a176ede4ba91", size = 477658 },
    { url = "https://files.pythonhosted.org/packages/67/20/d694811457eeae0c7663fa1a7ca201ce495533b646c1180d4ac25684c69c/cffi-1.17.0-cp311-cp311-musllinux_1_1_i686.whl", hash = "sha256:4e67d26532bfd8b7f7c05d5a766d6f437b362c1bf203a3a5ce3593a645e870b8", size = 453890 },
    { url = "https://files.pythonhosted.org/packages/dc/79/40cbf5739eb4f694833db5a27ce7f63e30a9b25b4a836c4f25fb7272aacc/cffi-1.17.0-cp311-cp311-musllinux_1_1_x86_64.whl", hash = "sha256:45f7cd36186db767d803b1473b3c659d57a23b5fa491ad83c6d40f2af58e4dbb", size = 478254 },
    { url = "https://files.pythonhosted.org/packages/e9/eb/2c384c385cca5cae67ca10ac4ef685277680b8c552b99aedecf4ea23ff7e/cffi-1.17.0-cp311-cp311-win32.whl", hash = "sha256:a9015f5b8af1bb6837a3fcb0cdf3b874fe3385ff6274e8b7925d81ccaec3c5c9", size = 171285 },
    { url = "https://files.pythonhosted.org/packages/ca/42/74cb1e0f1b79cb64672f3cb46245b506239c1297a20c0d9c3aeb3929cb0c/cffi-1.17.0-cp311-cp311-win_amd64.whl", hash = "sha256:b50aaac7d05c2c26dfd50c3321199f019ba76bb650e346a6ef3616306eed67b0", size = 180842 },
    { url = "https://files.pythonhosted.org/packages/1a/1f/7862231350cc959a3138889d2c8d33da7042b22e923457dfd4cd487d772a/cffi-1.17.0-cp312-cp312-macosx_10_9_x86_64.whl", hash = "sha256:aec510255ce690d240f7cb23d7114f6b351c733a74c279a84def763660a2c3bc", size = 182826 },
    { url = "https://files.pythonhosted.org/packages/8b/8c/26119bf8b79e05a1c39812064e1ee7981e1f8a5372205ba5698ea4dd958d/cffi-1.17.0-cp312-cp312-macosx_11_0_arm64.whl", hash = "sha256:2770bb0d5e3cc0e31e7318db06efcbcdb7b31bcb1a70086d3177692a02256f59", size = 178494 },
    { url = "https://files.pythonhosted.org/packages/61/94/4882c47d3ad396d91f0eda6ef16d45be3d752a332663b7361933039ed66a/cffi-1.17.0-cp312-cp312-manylinux_2_12_i686.manylinux2010_i686.manylinux_2_17_i686.manylinux2014_i686.whl", hash = "sha256:db9a30ec064129d605d0f1aedc93e00894b9334ec74ba9c6bdd08147434b33eb", size = 454459 },
    { url = "https://files.pythonhosted.org/packages/0f/7c/a6beb119ad515058c5ee1829742d96b25b2b9204ff920746f6e13bf574eb/cffi-1.17.0-cp312-cp312-manylinux_2_17_aarch64.manylinux2014_aarch64.whl", hash = "sha256:a47eef975d2b8b721775a0fa286f50eab535b9d56c70a6e62842134cf7841195", size = 478502 },
    { url = "https://files.pythonhosted.org/packages/61/8a/2575cd01a90e1eca96a30aec4b1ac101a6fae06c49d490ac2704fa9bc8ba/cffi-1.17.0-cp312-cp312-manylinux_2_17_ppc64le.manylinux2014_ppc64le.whl", hash = "sha256:f3e0992f23bbb0be00a921eae5363329253c3b86287db27092461c887b791e5e", size = 485381 },
    { url = "https://files.pythonhosted.org/packages/cd/66/85899f5a9f152db49646e0c77427173e1b77a1046de0191ab3b0b9a5e6e3/cffi-1.17.0-cp312-cp312-manylinux_2_17_s390x.manylinux2014_s390x.whl", hash = "sha256:6107e445faf057c118d5050560695e46d272e5301feffda3c41849641222a828", size = 470907 },
    { url = "https://files.pythonhosted.org/packages/00/13/150924609bf377140abe6e934ce0a57f3fc48f1fd956ec1f578ce97a4624/cffi-1.17.0-cp312-cp312-manylinux_2_17_x86_64.manylinux2014_x86_64.whl", hash = "sha256:eb862356ee9391dc5a0b3cbc00f416b48c1b9a52d252d898e5b7696a5f9fe150", size = 479074 },
    { url = "https://files.pythonhosted.org/packages/17/fd/7d73d7110155c036303b0a6462c56250e9bc2f4119d7591d27417329b4d1/cffi-1.17.0-cp312-cp312-musllinux_1_1_aarch64.whl", hash = "sha256:c1c13185b90bbd3f8b5963cd8ce7ad4ff441924c31e23c975cb150e27c2bf67a", size = 484225 },
    { url = "https://files.pythonhosted.org/packages/fc/83/8353e5c9b01bb46332dac3dfb18e6c597a04ceb085c19c814c2f78a8c0d0/cffi-1.17.0-cp312-cp312-musllinux_1_1_x86_64.whl", hash = "sha256:17c6d6d3260c7f2d94f657e6872591fe8733872a86ed1345bda872cfc8c74885", size = 488388 },
    { url = "https://files.pythonhosted.org/packages/73/0c/f9d5ca9a095b1fc88ef77d1f8b85d11151c374144e4606da33874e17b65b/cffi-1.17.0-cp312-cp312-win32.whl", hash = "sha256:c3b8bd3133cd50f6b637bb4322822c94c5ce4bf0d724ed5ae70afce62187c492", size = 172096 },
    { url = "https://files.pythonhosted.org/packages/72/21/8c5d285fe20a6e31d29325f1287bb0e55f7d93630a5a44cafdafb5922495/cffi-1.17.0-cp312-cp312-win_amd64.whl", hash = "sha256:dca802c8db0720ce1c49cce1149ff7b06e91ba15fa84b1d59144fef1a1bc7ac2", size = 181478 },
    { url = "https://files.pythonhosted.org/packages/17/8f/581f2f3c3464d5f7cf87c2f7a5ba9acc6976253e02d73804240964243ec2/cffi-1.17.0-cp313-cp313-macosx_10_13_x86_64.whl", hash = "sha256:6ce01337d23884b21c03869d2f68c5523d43174d4fc405490eb0091057943118", size = 182638 },
    { url = "https://files.pythonhosted.org/packages/8d/1c/c9afa66684b7039f48018eb11b229b659dfb32b7a16b88251bac106dd1ff/cffi-1.17.0-cp313-cp313-macosx_11_0_arm64.whl", hash = "sha256:cab2eba3830bf4f6d91e2d6718e0e1c14a2f5ad1af68a89d24ace0c6b17cced7", size = 178453 },
    { url = "https://files.pythonhosted.org/packages/cc/b6/1a134d479d3a5a1ff2fabbee551d1d3f1dd70f453e081b5f70d604aae4c0/cffi-1.17.0-cp313-cp313-manylinux_2_12_i686.manylinux2010_i686.manylinux_2_17_i686.manylinux2014_i686.whl", hash = "sha256:14b9cbc8f7ac98a739558eb86fabc283d4d564dafed50216e7f7ee62d0d25377", size = 454441 },
    { url = "https://files.pythonhosted.org/packages/b1/b4/e1569475d63aad8042b0935dbf62ae2a54d1e9142424e2b0e924d2d4a529/cffi-1.17.0-cp313-cp313-manylinux_2_17_aarch64.manylinux2014_aarch64.whl", hash = "sha256:b00e7bcd71caa0282cbe3c90966f738e2db91e64092a877c3ff7f19a1628fdcb", size = 478543 },
    { url = "https://files.pythonhosted.org/packages/d2/40/a9ad03fbd64309dec5bb70bc803a9a6772602de0ee164d7b9a6ca5a89249/cffi-1.17.0-cp313-cp313-manylinux_2_17_ppc64le.manylinux2014_ppc64le.whl", hash = "sha256:41f4915e09218744d8bae14759f983e466ab69b178de38066f7579892ff2a555", size = 485463 },
    { url = "https://files.pythonhosted.org/packages/a6/1a/f10be60e006dd9242a24bcc2b1cd55c34c578380100f742d8c610f7a5d26/cffi-1.17.0-cp313-cp313-manylinux_2_17_s390x.manylinux2014_s390x.whl", hash = "sha256:e4760a68cab57bfaa628938e9c2971137e05ce48e762a9cb53b76c9b569f1204", size = 470854 },
    { url = "https://files.pythonhosted.org/packages/cc/b3/c035ed21aa3d39432bd749fe331ee90e4bc83ea2dbed1f71c4bc26c41084/cffi-1.17.0-cp313-cp313-manylinux_2_17_x86_64.manylinux2014_x86_64.whl", hash = "sha256:011aff3524d578a9412c8b3cfaa50f2c0bd78e03eb7af7aa5e0df59b158efb2f", size = 479096 },
    { url = "https://files.pythonhosted.org/packages/00/cb/6f7edde01131de9382c89430b8e253b8c8754d66b63a62059663ceafeab2/cffi-1.17.0-cp313-cp313-musllinux_1_1_aarch64.whl", hash = "sha256:a003ac9edc22d99ae1286b0875c460351f4e101f8c9d9d2576e78d7e048f64e0", size = 484013 },
    { url = "https://files.pythonhosted.org/packages/b9/83/8e4e8c211ea940210d293e951bf06b1bfb90f2eeee590e9778e99b4a8676/cffi-1.17.0-cp313-cp313-musllinux_1_1_x86_64.whl", hash = "sha256:ef9528915df81b8f4c7612b19b8628214c65c9b7f74db2e34a646a0a2a0da2d4", size = 488119 },
    { url = "https://files.pythonhosted.org/packages/5e/52/3f7cfbc4f444cb4f73ff17b28690d12436dde665f67d68f1e1687908ab6c/cffi-1.17.0-cp313-cp313-win32.whl", hash = "sha256:70d2aa9fb00cf52034feac4b913181a6e10356019b18ef89bc7c12a283bf5f5a", size = 172122 },
    { url = "https://files.pythonhosted.org/packages/94/19/cf5baa07ee0f0e55eab7382459fbddaba0fdb0ba45973dd92556ae0d02db/cffi-1.17.0-cp313-cp313-win_amd64.whl", hash = "sha256:b7b6ea9e36d32582cda3465f54c4b454f62f23cb083ebc7a94e2ca6ef011c3a7", size = 181504 },
]

[[package]]
name = "cryptography"
version = "43.0.0"
source = { registry = "https://pypi.org/simple" }
dependencies = [
    { name = "cffi", marker = "platform_python_implementation != 'PyPy'" },
]
sdist = { url = "https://files.pythonhosted.org/packages/69/ec/9fb9dcf4f91f0e5e76de597256c43eedefd8423aa59be95c70c4c3db426a/cryptography-43.0.0.tar.gz", hash = "sha256:b88075ada2d51aa9f18283532c9f60e72170041bba88d7f37e49cbb10275299e", size = 686873 }
wheels = [
    { url = "https://files.pythonhosted.org/packages/d3/46/dcd2eb6840b9452e7fbc52720f3dc54a85eb41e68414733379e8f98e3275/cryptography-43.0.0-cp37-abi3-macosx_10_9_universal2.whl", hash = "sha256:64c3f16e2a4fc51c0d06af28441881f98c5d91009b8caaff40cf3548089e9c74", size = 6239718 },
    { url = "https://files.pythonhosted.org/packages/e8/23/b0713319edff1d8633775b354f8b34a476e4dd5f4cd4b91e488baec3361a/cryptography-43.0.0-cp37-abi3-manylinux_2_17_aarch64.manylinux2014_aarch64.whl", hash = "sha256:3dcdedae5c7710b9f97ac6bba7e1052b95c7083c9d0e9df96e02a1932e777895", size = 3808466 },
    { url = "https://files.pythonhosted.org/packages/77/9d/0b98c73cebfd41e4fb0439fe9ce08022e8d059f51caa7afc8934fc1edcd9/cryptography-43.0.0-cp37-abi3-manylinux_2_17_x86_64.manylinux2014_x86_64.whl", hash = "sha256:3d9a1eca329405219b605fac09ecfc09ac09e595d6def650a437523fcd08dd22", size = 3998060 },
    { url = "https://files.pythonhosted.org/packages/ae/71/e073795d0d1624847f323481f7d84855f699172a632aa37646464b0e1712/cryptography-43.0.0-cp37-abi3-manylinux_2_28_aarch64.whl", hash = "sha256:ea9e57f8ea880eeea38ab5abf9fbe39f923544d7884228ec67d666abd60f5a47", size = 3792596 },
    { url = "https://files.pythonhosted.org/packages/83/25/439a8ddd8058e7f898b7d27c36f94b66c8c8a2d60e1855d725845f4be0bc/cryptography-43.0.0-cp37-abi3-manylinux_2_28_x86_64.whl", hash = "sha256:9a8d6802e0825767476f62aafed40532bd435e8a5f7d23bd8b4f5fd04cc80ecf", size = 4008355 },
    { url = "https://files.pythonhosted.org/packages/c7/a2/1607f1295eb2c30fcf2c07d7fd0c3772d21dcdb827de2b2730b02df0af51/cryptography-43.0.0-cp37-abi3-musllinux_1_2_aarch64.whl", hash = "sha256:cc70b4b581f28d0a254d006f26949245e3657d40d8857066c2ae22a61222ef55", size = 3899133 },
    { url = "https://files.pythonhosted.org/packages/5e/64/f41f42ddc9c583737c9df0093affb92c61de7d5b0d299bf644524afe31c1/cryptography-43.0.0-cp37-abi3-musllinux_1_2_x86_64.whl", hash = "sha256:4a997df8c1c2aae1e1e5ac49c2e4f610ad037fc5a3aadc7b64e39dea42249431", size = 4096946 },
    { url = "https://files.pythonhosted.org/packages/cd/cd/d165adcf3e707d6a049d44ade6ca89973549bed0ab3686fa49efdeefea53/cryptography-43.0.0-cp37-abi3-win32.whl", hash = "sha256:6e2b11c55d260d03a8cf29ac9b5e0608d35f08077d8c087be96287f43af3ccdc", size = 2616826 },
    { url = "https://files.pythonhosted.org/packages/f9/b7/38924229e84c41b0e88d7a5eed8a29d05a44364f85fbb9ddb3984b746fd2/cryptography-43.0.0-cp37-abi3-win_amd64.whl", hash = "sha256:31e44a986ceccec3d0498e16f3d27b2ee5fdf69ce2ab89b52eaad1d2f33d8778", size = 3078700 },
    { url = "https://files.pythonhosted.org/packages/66/d7/397515233e6a861f921bd0365b162b38e0cc513fcf4f1bdd9cc7bc5a3384/cryptography-43.0.0-cp39-abi3-macosx_10_9_universal2.whl", hash = "sha256:7b3f5fe74a5ca32d4d0f302ffe6680fcc5c28f8ef0dc0ae8f40c0f3a1b4fca66", size = 6242814 },
    { url = "https://files.pythonhosted.org/packages/58/aa/99b2c00a4f54c60d210d6d1759c720ecf28305aa32d6fb1bb1853f415be6/cryptography-43.0.0-cp39-abi3-manylinux_2_17_aarch64.manylinux2014_aarch64.whl", hash = "sha256:ac1955ce000cb29ab40def14fd1bbfa7af2017cca696ee696925615cafd0dce5", size = 3809467 },
    { url = "https://files.pythonhosted.org/packages/76/eb/ab783b47b3b9b55371b4361c7ec695144bde1a3343ff2b7a8c1d8fe617bb/cryptography-43.0.0-cp39-abi3-manylinux_2_17_x86_64.manylinux2014_x86_64.whl", hash = "sha256:299d3da8e00b7e2b54bb02ef58d73cd5f55fb31f33ebbf33bd00d9aa6807df7e", size = 3998617 },
    { url = "https://files.pythonhosted.org/packages/a3/62/62770f34290ebb1b6542bd3f13b3b102875b90aed4804e296f8d2a5ac6d7/cryptography-43.0.0-cp39-abi3-manylinux_2_28_aarch64.whl", hash = "sha256:ee0c405832ade84d4de74b9029bedb7b31200600fa524d218fc29bfa371e97f5", size = 3794003 },
    { url = "https://files.pythonhosted.org/packages/0f/6c/b42660b3075ff543065b2c1c5a3d9bedaadcff8ebce2ee981be2babc2934/cryptography-43.0.0-cp39-abi3-manylinux_2_28_x86_64.whl", hash = "sha256:cb013933d4c127349b3948aa8aaf2f12c0353ad0eccd715ca789c8a0f671646f", size = 4008774 },
    { url = "https://files.pythonhosted.org/packages/f7/74/028cea86db9315ba3f991e307adabf9f0aa15067011137c38b2fb2aa16eb/cryptography-43.0.0-cp39-abi3-musllinux_1_2_aarch64.whl", hash = "sha256:fdcb265de28585de5b859ae13e3846a8e805268a823a12a4da2597f1f5afc9f0", size = 3900098 },
    { url = "https://files.pythonhosted.org/packages/bd/f6/e4387edb55563e2546028ba4c634522fe727693d3cdd9ec0ecacedc75411/cryptography-43.0.0-cp39-abi3-musllinux_1_2_x86_64.whl", hash = "sha256:2905ccf93a8a2a416f3ec01b1a7911c3fe4073ef35640e7ee5296754e30b762b", size = 4096867 },
    { url = "https://files.pythonhosted.org/packages/ce/61/55560405e75432bdd9f6cf72fa516cab623b83a3f6d230791bc8fc4afeee/cryptography-43.0.0-cp39-abi3-win32.whl", hash = "sha256:47ca71115e545954e6c1d207dd13461ab81f4eccfcb1345eac874828b5e3eaaf", size = 2616481 },
    { url = "https://files.pythonhosted.org/packages/e6/3d/696e7a0f04555c58a2813d47aaa78cb5ba863c1f453c74a4f45ae772b054/cryptography-43.0.0-cp39-abi3-win_amd64.whl", hash = "sha256:0663585d02f76929792470451a5ba64424acc3cd5227b03921dab0e2f27b1709", size = 3081462 },
    { url = "https://files.pythonhosted.org/packages/c6/3a/9c7d864bbcca2df77a601366a6ae3937cd78d0f21ad98441f3424592aea7/cryptography-43.0.0-pp310-pypy310_pp73-macosx_10_9_x86_64.whl", hash = "sha256:2c6d112bf61c5ef44042c253e4859b3cbbb50df2f78fa8fae6747a7814484a70", size = 3156882 },
    { url = "https://files.pythonhosted.org/packages/17/cd/d43859b09d726a905d882b6e464ccf02aa2dca2c3e76c44a0c5b169f0144/cryptography-43.0.0-pp310-pypy310_pp73-manylinux_2_28_aarch64.whl", hash = "sha256:844b6d608374e7d08f4f6e6f9f7b951f9256db41421917dfb2d003dde4cd6b66", size = 3722095 },
    { url = "https://files.pythonhosted.org/packages/2e/ce/c7b912d95f0ded80ad3b50a0a6b31de813c25d9ffadbe1b26bf22d2c4518/cryptography-43.0.0-pp310-pypy310_pp73-manylinux_2_28_x86_64.whl", hash = "sha256:51956cf8730665e2bdf8ddb8da0056f699c1a5715648c1b0144670c1ba00b48f", size = 3928750 },
    { url = "https://files.pythonhosted.org/packages/ca/25/7b53082e4c373127c1fb190f70c5aca7bf7a03ac11f67ba15473bc6d9a0e/cryptography-43.0.0-pp310-pypy310_pp73-win_amd64.whl", hash = "sha256:aae4d918f6b180a8ab8bf6511a419473d107df4dbb4225c7b48c5c9602c38c7f", size = 3002487 },
]

[[package]]
name = "importlib-metadata"
version = "8.4.0"
source = { registry = "https://pypi.org/simple" }
dependencies = [
    { name = "zipp" },
]
sdist = { url = "https://files.pythonhosted.org/packages/c0/bd/fa8ce65b0a7d4b6d143ec23b0f5fd3f7ab80121078c465bc02baeaab22dc/importlib_metadata-8.4.0.tar.gz", hash = "sha256:9a547d3bc3608b025f93d403fdd1aae741c24fbb8314df4b155675742ce303c5", size = 54320 }
wheels = [
    { url = "https://files.pythonhosted.org/packages/c0/14/362d31bf1076b21e1bcdcb0dc61944822ff263937b804a79231df2774d28/importlib_metadata-8.4.0-py3-none-any.whl", hash = "sha256:66f342cc6ac9818fc6ff340576acd24d65ba0b3efabb2b4ac08b598965a4a2f1", size = 26269 },
]

[[package]]
name = "jaraco-classes"
version = "3.4.0"
source = { registry = "https://pypi.org/simple" }
dependencies = [
    { name = "more-itertools" },
]
sdist = { url = "https://files.pythonhosted.org/packages/06/c0/ed4a27bc5571b99e3cff68f8a9fa5b56ff7df1c2251cc715a652ddd26402/jaraco.classes-3.4.0.tar.gz", hash = "sha256:47a024b51d0239c0dd8c8540c6c7f484be3b8fcf0b2d85c13825780d3b3f3acd", size = 11780 }
wheels = [
    { url = "https://files.pythonhosted.org/packages/7f/66/b15ce62552d84bbfcec9a4873ab79d993a1dd4edb922cbfccae192bd5b5f/jaraco.classes-3.4.0-py3-none-any.whl", hash = "sha256:f662826b6bed8cace05e7ff873ce0f9283b5c924470fe664fff1c2f00f581790", size = 6777 },
]

[[package]]
name = "jaraco-context"
version = "6.0.1"
source = { registry = "https://pypi.org/simple" }
dependencies = [
    { name = "backports-tarfile", marker = "python_full_version < '3.12'" },
]
sdist = { url = "https://files.pythonhosted.org/packages/df/ad/f3777b81bf0b6e7bc7514a1656d3e637b2e8e15fab2ce3235730b3e7a4e6/jaraco_context-6.0.1.tar.gz", hash = "sha256:9bae4ea555cf0b14938dc0aee7c9f32ed303aa20a3b73e7dc80111628792d1b3", size = 13912 }
wheels = [
    { url = "https://files.pythonhosted.org/packages/ff/db/0c52c4cf5e4bd9f5d7135ec7669a3a767af21b3a308e1ed3674881e52b62/jaraco.context-6.0.1-py3-none-any.whl", hash = "sha256:f797fc481b490edb305122c9181830a3a5b76d84ef6d1aef2fb9b47ab956f9e4", size = 6825 },
]

[[package]]
name = "jaraco-functools"
version = "4.0.2"
source = { registry = "https://pypi.org/simple" }
dependencies = [
    { name = "more-itertools" },
]
sdist = { url = "https://files.pythonhosted.org/packages/03/b1/6ca3c2052e584e9908a2c146f00378939b3c51b839304ab8ef4de067f042/jaraco_functools-4.0.2.tar.gz", hash = "sha256:3460c74cd0d32bf82b9576bbb3527c4364d5b27a21f5158a62aed6c4b42e23f5", size = 18319 }
wheels = [
    { url = "https://files.pythonhosted.org/packages/b1/54/7623e24ffc63730c3a619101361b08860c6b7c7cfc1aef6edb66d80ed708/jaraco.functools-4.0.2-py3-none-any.whl", hash = "sha256:c9d16a3ed4ccb5a889ad8e0b7a343401ee5b2a71cee6ed192d3f68bc351e94e3", size = 9883 },
]

[[package]]
name = "jeepney"
version = "0.8.0"
source = { registry = "https://pypi.org/simple" }
sdist = { url = "https://files.pythonhosted.org/packages/d6/f4/154cf374c2daf2020e05c3c6a03c91348d59b23c5366e968feb198306fdf/jeepney-0.8.0.tar.gz", hash = "sha256:5efe48d255973902f6badc3ce55e2aa6c5c3b3bc642059ef3a91247bcfcc5806", size = 106005 }
wheels = [
    { url = "https://files.pythonhosted.org/packages/ae/72/2a1e2290f1ab1e06f71f3d0f1646c9e4634e70e1d37491535e19266e8dc9/jeepney-0.8.0-py3-none-any.whl", hash = "sha256:c0a454ad016ca575060802ee4d590dd912e35c122fa04e70306de3d076cce755", size = 48435 },
]

[[package]]
name = "keyring"
version = "25.3.0"
source = { registry = "https://pypi.org/simple" }
dependencies = [
    { name = "importlib-metadata", marker = "python_full_version < '3.12'" },
    { name = "jaraco-classes" },
    { name = "jaraco-context" },
    { name = "jaraco-functools" },
    { name = "jeepney", marker = "sys_platform == 'linux'" },
    { name = "pywin32-ctypes", marker = "sys_platform == 'win32'" },
    { name = "secretstorage", marker = "sys_platform == 'linux'" },
]
sdist = { url = "https://files.pythonhosted.org/packages/32/30/bfdde7294ba6bb2f519950687471dc6a0996d4f77ab30d75c841fa4994ed/keyring-25.3.0.tar.gz", hash = "sha256:8d85a1ea5d6db8515b59e1c5d1d1678b03cf7fc8b8dcfb1651e8c4a524eb42ef", size = 61495 }
wheels = [
    { url = "https://files.pythonhosted.org/packages/63/42/ea8c9726e5ee5ff0731978aaf7cd5fa16674cf549c46279b279d7167c2b4/keyring-25.3.0-py3-none-any.whl", hash = "sha256:8d963da00ccdf06e356acd9bf3b743208878751032d8599c6cc89eb51310ffae", size = 38742 },
]

[[package]]
name = "more-itertools"
version = "10.4.0"
source = { registry = "https://pypi.org/simple" }
sdist = { url = "https://files.pythonhosted.org/packages/92/0d/ad6a82320cb8eba710fd0dceb0f678d5a1b58d67d03ae5be14874baa39e0/more-itertools-10.4.0.tar.gz", hash = "sha256:fe0e63c4ab068eac62410ab05cccca2dc71ec44ba8ef29916a0090df061cf923", size = 120755 }
wheels = [
    { url = "https://files.pythonhosted.org/packages/d8/0b/6a51175e1395774449fca317fb8861379b7a2d59be411b8cce3d19d6ce78/more_itertools-10.4.0-py3-none-any.whl", hash = "sha256:0f7d9f83a0a8dcfa8a2694a770590d98a67ea943e3d9f5298309a484758c4e27", size = 60935 },
]

[[package]]
name = "pycparser"
version = "2.22"
source = { registry = "https://pypi.org/simple" }
sdist = { url = "https://files.pythonhosted.org/packages/1d/b2/31537cf4b1ca988837256c910a668b553fceb8f069bedc4b1c826024b52c/pycparser-2.22.tar.gz", hash = "sha256:491c8be9c040f5390f5bf44a5b07752bd07f56edf992381b05c701439eec10f6", size = 172736 }
wheels = [
    { url = "https://files.pythonhosted.org/packages/13/a3/a812df4e2dd5696d1f351d58b8fe16a405b234ad2886a0dab9183fb78109/pycparser-2.22-py3-none-any.whl", hash = "sha256:c3702b6d3dd8c7abc1afa565d7e63d53a1d0bd86cdc24edd75470f4de499cfcc", size = 117552 },
]

[[package]]
name = "pywin32-ctypes"
version = "0.2.3"
source = { registry = "https://pypi.org/simple" }
sdist = { url = "https://files.pythonhosted.org/packages/85/9f/01a1a99704853cb63f253eea009390c88e7131c67e66a0a02099a8c917cb/pywin32-ctypes-0.2.3.tar.gz", hash = "sha256:d162dc04946d704503b2edc4d55f3dba5c1d539ead017afa00142c38b9885755", size = 29471 }
wheels = [
    { url = "https://files.pythonhosted.org/packages/de/3d/8161f7711c017e01ac9f008dfddd9410dff3674334c233bde66e7ba65bbf/pywin32_ctypes-0.2.3-py3-none-any.whl", hash = "sha256:8a1513379d709975552d202d942d9837758905c8d01eb82b8bcc30918929e7b8", size = 30756 },
]

[[package]]
name = "secretstorage"
version = "3.3.3"
source = { registry = "https://pypi.org/simple" }
dependencies = [
    { name = "cryptography" },
    { name = "jeepney" },
]
sdist = { url = "https://files.pythonhosted.org/packages/53/a4/f48c9d79cb507ed1373477dbceaba7401fd8a23af63b837fa61f1dcd3691/SecretStorage-3.3.3.tar.gz", hash = "sha256:2403533ef369eca6d2ba81718576c5e0f564d5cca1b58f73a8b23e7d4eeebd77", size = 19739 }
wheels = [
    { url = "https://files.pythonhosted.org/packages/54/24/b4293291fa1dd830f353d2cb163295742fa87f179fcc8a20a306a81978b7/SecretStorage-3.3.3-py3-none-any.whl", hash = "sha256:f356e6628222568e3af06f2eba8df495efa13b3b63081dafd4f7d9a7b7bc9f99", size = 15221 },
]

[[package]]
name = "setuptools"
version = "74.1.1"
source = { registry = "https://pypi.org/simple" }
sdist = { url = "https://files.pythonhosted.org/packages/27/cb/e754933c1ca726b0d99980612dc9da2886e76c83968c246cfb50f491a96b/setuptools-74.1.1.tar.gz", hash = "sha256:2353af060c06388be1cecbf5953dcdb1f38362f87a2356c480b6b4d5fcfc8847", size = 1357738 }
wheels = [
    { url = "https://files.pythonhosted.org/packages/48/f3/e30ee63caefa90716afdffd7d9ae959cd8d0dbd2d0a0eb9fe1d73ddf806b/setuptools-74.1.1-py3-none-any.whl", hash = "sha256:fc91b5f89e392ef5b77fe143b17e32f65d3024744fba66dc3afe07201684d766", size = 1263655 },
]

[[package]]
name = "uv"
version = "0.3.5"
source = { registry = "https://pypi.org/simple" }
sdist = { url = "https://files.pythonhosted.org/packages/8c/fa/50097ed31c7f13152530bccddaa90bef9c4b20552484bb96387e9de2fcd4/uv-0.3.5.tar.gz", hash = "sha256:80243b411ce791d1c2656d148d9d2e3553cd71eb9812ed559a3f1c1384afb571", size = 1799034 }
wheels = [
    { url = "https://files.pythonhosted.org/packages/2f/22/a9037144101b1cd646fa240e1c7f8069f501f6486e04356389f6afcd82a2/uv-0.3.5-py3-none-linux_armv6l.whl", hash = "sha256:59f10007b4c52ed132e6a87fc39f487dfec90835b46678365f4f3e67caab3c02", size = 10736615 },
    { url = "https://files.pythonhosted.org/packages/fe/f8/18a39dba46fe1ed2318932b87da239617d6b7c9f682bd4e87281f0455336/uv-0.3.5-py3-none-macosx_10_12_x86_64.whl", hash = "sha256:47faf95c3da64c3a819cc3e5b7d660d990c01ec248a588848426c4ab1e40bcb2", size = 11211929 },
    { url = "https://files.pythonhosted.org/packages/83/8e/956ad3788cfa863cc8de148907e371b025acd97f7a0bb2a9e78ce63c2b1e/uv-0.3.5-py3-none-macosx_11_0_arm64.whl", hash = "sha256:89c1515200a838014b1fa6c9cfb2b9a055bcad3178ccf7d31768bf38b43cac65", size = 10366393 },
    { url = "https://files.pythonhosted.org/packages/09/70/d7b712736a9db780ae2bc236f1cca9d4c3eaa01fa06e3c446a427f06ee58/uv-0.3.5-py3-none-manylinux_2_17_aarch64.manylinux2014_aarch64.musllinux_1_1_aarch64.whl", hash = "sha256:cac04fce16fed8d7626dcd32b9e07c0475eb0266f858328f2de398802c1fc9af", size = 10685074 },
    { url = "https://files.pythonhosted.org/packages/e2/b1/a27c63c1910ee651adb1a2ce59982f1ff04454561c5c705ac28352c55a4d/uv-0.3.5-py3-none-manylinux_2_17_armv7l.manylinux2014_armv7l.whl", hash = "sha256:4f379d8748020ed8233a6681dcbb26e79eb8a8a7310d2dbd1e0de04e780c18ba", size = 10549747 },
    { url = "https://files.pythonhosted.org/packages/26/bf/876eb992201477ad0fabd8a8abdde3eb7e659c78e44c3a77fda3a5082a07/uv-0.3.5-py3-none-manylinux_2_17_i686.manylinux2014_i686.whl", hash = "sha256:e7b8f8e35e6f8245dc7831b499dd6b7a71d94b6862b8225f2245fb59ef4f9825", size = 11179644 },
    { url = "https://files.pythonhosted.org/packages/c1/83/bda20beaccd6d8d4f3d0795eeb9cd88d60b20c9754c93e7a1942c6577fd6/uv-0.3.5-py3-none-manylinux_2_17_ppc64.manylinux2014_ppc64.whl", hash = "sha256:1ef68f64a9232cb71a46f33b506ce14cb31c54d5385d47ee1202f17d300e40df", size = 12035751 },
    { url = "https://files.pythonhosted.org/packages/01/b5/53420cffd99fc8f013ab8e5ebb4db80952569bcd947ce0ed9f5aed996eb5/uv-0.3.5-py3-none-manylinux_2_17_ppc64le.manylinux2014_ppc64le.whl", hash = "sha256:7eb2e8bba1301efe43f929c33ba1c49975d314028feba4ec91d3da633629c74e", size = 11846681 },
    { url = "https://files.pythonhosted.org/packages/f5/f7/8e42800067d99b321a3a575a0f193f36168f93942a9f6b74c384fd5bd301/uv-0.3.5-py3-none-manylinux_2_17_s390x.manylinux2014_s390x.whl", hash = "sha256:e1dac7bd4ca2bd6d11ed4e43523e040ef9ed1cde2cd376eb6b1c61e64f636e95", size = 14812631 },
    { url = "https://files.pythonhosted.org/packages/07/fe/20aadf565a5cef95d8382c7b4e79423d2903cddf1c42fc01706bd389f8ec/uv-0.3.5-py3-none-manylinux_2_17_x86_64.manylinux2014_x86_64.whl", hash = "sha256:cdab52c5c1ed97805f2b4d7648615e10a823f8c5497207d5f14f5b6062c4798b", size = 11586393 },
    { url = "https://files.pythonhosted.org/packages/7e/d2/eb81af8a5d5c138341256fca4b76c4b70e3da7eebf205692a09af3f28666/uv-0.3.5-py3-none-manylinux_2_28_aarch64.whl", hash = "sha256:07bd680a570245c44da0800bed98ef01bfed6549832ae3b364e9c289afa6f76b", size = 10770526 },
    { url = "https://files.pythonhosted.org/packages/df/62/b3d460a755d76674ea5c6541007129926cdade99a6a34e458785091fad9c/uv-0.3.5-py3-none-musllinux_1_1_armv7l.whl", hash = "sha256:7fffe2e209c7059522b3221d940356b24dc8036bcde2801de081e7e9c5cc5c4a", size = 10553327 },
    { url = "https://files.pythonhosted.org/packages/7a/58/1246979ba0f5b5eb485167398d3daa90805ecf0d8171868e6921072cfcb1/uv-0.3.5-py3-none-musllinux_1_1_i686.whl", hash = "sha256:585a91a05250e2d800f7614e77c09ba16fa1d3014ec092dac05ec2ea232d489f", size = 10994964 },
    { url = "https://files.pythonhosted.org/packages/19/36/231680ddeeb179d07b57876db6ae809932724db68667fe8b72a6446cedbd/uv-0.3.5-py3-none-musllinux_1_1_ppc64le.whl", hash = "sha256:9190ac2266076e6c63d3113bca5d047742e90406d763bf9ba5db7bac9ab9e4a5", size = 12794245 },
    { url = "https://files.pythonhosted.org/packages/bf/b4/9c4e79be5cfb94f636ba3729cd9e0c42d15ef4d9ddbf7e5b80ea04015207/uv-0.3.5-py3-none-musllinux_1_1_x86_64.whl", hash = "sha256:8a95ec9d9dcd3aad62c4a64d087ce953c2f733b27c50793c022bcc3cb9b17d92", size = 11706087 },
    { url = "https://files.pythonhosted.org/packages/59/a0/82e2fd577c69a3a973230ae242b3a19585dbafb3a838a107311333f85f2e/uv-0.3.5-py3-none-win32.whl", hash = "sha256:420cabd5fa42f23e3abd0a4e43e3e84af9790f8c847b4306b7325a882356f94c", size = 11057189 },
    { url = "https://files.pythonhosted.org/packages/f3/34/2aacc64efaff96667d4d3ace322de126c50d15b5fef9f34b6b2bc02b9736/uv-0.3.5-py3-none-win_amd64.whl", hash = "sha256:4c89dd183389c297393b203172e9d72e7d2f2309eead950c9749240700817e98", size = 12253446 },
]

[[package]]
name = "zipp"
version = "3.20.1"
source = { registry = "https://pypi.org/simple" }
sdist = { url = "https://files.pythonhosted.org/packages/d3/8b/1239a3ef43a0d0ebdca623fb6413bc7702c321400c5fdd574f0b7aa0fbb4/zipp-3.20.1.tar.gz", hash = "sha256:c22b14cc4763c5a5b04134207736c107db42e9d3ef2d9779d465f5f1bcba572b", size = 23848 }
wheels = [
    { url = "https://files.pythonhosted.org/packages/07/9e/c96f7a4cd0bf5625bb409b7e61e99b1130dc63a98cb8b24aeabae62d43e8/zipp-3.20.1-py3-none-any.whl", hash = "sha256:9960cd8967c8f85a56f920d5d507274e74f9ff813a0ab8889a5b5be2daf44064", size = 8988 },
]
